
Microsoft Visual Studio Solution File, Format Version 12.00
# Visual Studio Version 17
VisualStudioVersion = 17.5.33530.505
MinimumVisualStudioVersion = 10.0.40219.1
Project("{9A19103F-16F7-4668-BE54-9A1E7A4F7556}") = "StudentGradingSystem", "StudentGradingSystem\StudentGradingSystem.csproj", "{6888E177-D656-459B-A92F-B1F38521EEDC}"
EndProject
Project("{9A19103F-16F7-4668-BE54-9A1E7A4F7556}") = "DataLayer", "DataLayer\DataLayer.csproj", "{75BDA3F5-0CDA-459D-BC39-2922C22718D2}"
EndProject
Project("{9A19103F-16F7-4668-BE54-9A1E7A4F7556}") = "BusinessLayer", "BusinessLayer\BusinessLayer.csproj", "{7E0B0DD1-8320-4037-BF02-A2720D90F77B}"
EndProject
Project("{9A19103F-16F7-4668-BE54-9A1E7A4F7556}") = "GUI", "GUI\GUI.csproj", "{EE7DF86E-20F1-4224-A8CD-69A1ECD972C0}"
EndProject
Project("{FAE04EC0-301F-11D3-BF4B-00C04F79EFBC}") = "Models", "Models\Models.csproj", "{CE3A4AE8-27BE-4654-A4F7-CE9EAE87602B}"
EndProject
Global
	GlobalSection(SolutionConfigurationPlatforms) = preSolution
		Debug|Any CPU = Debug|Any CPU
		Release|Any CPU = Release|Any CPU
	EndGlobalSection
	GlobalSection(ProjectConfigurationPlatforms) = postSolution
		{6888E177-D656-459B-A92F-B1F38521EEDC}.Debug|Any CPU.ActiveCfg = Debug|Any CPU
		{6888E177-D656-459B-A92F-B1F38521EEDC}.Debug|Any CPU.Build.0 = Debug|Any CPU
		{6888E177-D656-459B-A92F-B1F38521EEDC}.Release|Any CPU.ActiveCfg = Release|Any CPU
		{6888E177-D656-459B-A92F-B1F38521EEDC}.Release|Any CPU.Build.0 = Release|Any CPU
		{75BDA3F5-0CDA-459D-BC39-2922C22718D2}.Debug|Any CPU.ActiveCfg = Debug|Any CPU
		{75BDA3F5-0CDA-459D-BC39-2922C22718D2}.Debug|Any CPU.Build.0 = Debug|Any CPU
		{75BDA3F5-0CDA-459D-BC39-2922C22718D2}.Release|Any CPU.ActiveCfg = Release|Any CPU
		{75BDA3F5-0CDA-459D-BC39-2922C22718D2}.Release|Any CPU.Build.0 = Release|Any CPU
		{7E0B0DD1-8320-4037-BF02-A2720D90F77B}.Debug|Any CPU.ActiveCfg = Debug|Any CPU
		{7E0B0DD1-8320-4037-BF02-A2720D90F77B}.Debug|Any CPU.Build.0 = Debug|Any CPU
		{7E0B0DD1-8320-4037-BF02-A2720D90F77B}.Release|Any CPU.ActiveCfg = Release|Any CPU
		{7E0B0DD1-8320-4037-BF02-A2720D90F77B}.Release|Any CPU.Build.0 = Release|Any CPU
		{EE7DF86E-20F1-4224-A8CD-69A1ECD972C0}.Debug|Any CPU.ActiveCfg = Debug|Any CPU
		{EE7DF86E-20F1-4224-A8CD-69A1ECD972C0}.Debug|Any CPU.Build.0 = Debug|Any CPU
		{EE7DF86E-20F1-4224-A8CD-69A1ECD972C0}.Release|Any CPU.ActiveCfg = Release|Any CPU
		{EE7DF86E-20F1-4224-A8CD-69A1ECD972C0}.Release|Any CPU.Build.0 = Release|Any CPU
		{CE3A4AE8-27BE-4654-A4F7-CE9EAE87602B}.Debug|Any CPU.ActiveCfg = Debug|Any CPU
		{CE3A4AE8-27BE-4654-A4F7-CE9EAE87602B}.Debug|Any CPU.Build.0 = Debug|Any CPU
		{CE3A4AE8-27BE-4654-A4F7-CE9EAE87602B}.Release|Any CPU.ActiveCfg = Release|Any CPU
		{CE3A4AE8-27BE-4654-A4F7-CE9EAE87602B}.Release|Any CPU.Build.0 = Release|Any CPU
	EndGlobalSection
	GlobalSection(SolutionProperties) = preSolution
		HideSolutionNode = FALSE
	EndGlobalSection
	GlobalSection(ExtensibilityGlobals) = postSolution
		SolutionGuid = {EBDEF848-1F22-47E0-9CA3-69A0A18969EF}
	EndGlobalSection
EndGlobal
